
Microsoft Visual Studio Solution File, Format Version 12.00
Project("{2150E333-8FDC-42A3-9474-1A3956D46DE8}") = "src", "src", "{75E8DC75-1A65-4430-9C61-C2DC2E341A0B}"
EndProject
Project("{2150E333-8FDC-42A3-9474-1A3956D46DE8}") = "test", "test", "{98ACE782-AA18-4F57-B6B5-164C4DD736EE}"
EndProject
Project("{FAE04EC0-301F-11D3-BF4B-00C04F79EFBC}") = "Library.Domain", "Library.Domain\Library.Domain.csproj", "{44BE922D-B8C6-4BC8-BC2C-4266414920CC}"
EndProject
Project("{2150E333-8FDC-42A3-9474-1A3956D46DE8}") = "Core", "Core", "{1095F7CC-61DB-4546-ACBB-0B732BE5E141}"
EndProject
Project("{2150E333-8FDC-42A3-9474-1A3956D46DE8}") = "API", "API", "{9A7EDCAC-77A1-4BF8-90F2-FDB3CCB1C913}"
EndProject
Project("{2150E333-8FDC-42A3-9474-1A3956D46DE8}") = "Infrastructure", "Infrastructure", "{E6EE5453-D439-4913-9017-FE4528DD51C3}"
EndProject
Project("{2150E333-8FDC-42A3-9474-1A3956D46DE8}") = "UI", "UI", "{64F5970A-EE8C-497E-AFC7-2722E900542E}"
EndProject
Project("{FAE04EC0-301F-11D3-BF4B-00C04F79EFBC}") = "Library.Application", "Library.Application\Library.Application.csproj", "{83B17D76-CA9C-42E9-A571-524979E4A6B0}"
EndProject
Project("{FAE04EC0-301F-11D3-BF4B-00C04F79EFBC}") = "Library.Persistence", "Library.Persistence\Library.Persistence.csproj", "{2394E424-0C41-47A6-B067-A2B9279C59F2}"
EndProject
Project("{FAE04EC0-301F-11D3-BF4B-00C04F79EFBC}") = "Library.API", "Library.API\Library.API.csproj", "{A295B1CB-D018-4E43-819B-0A8FBF6A1399}"
EndProject
Project("{FAE04EC0-301F-11D3-BF4B-00C04F79EFBC}") = "Library.MVC", "Library.MVC\Library.MVC.csproj", "{9F9A5163-752F-4FCB-9BD0-F27B9DECF023}"
EndProject
Project("{FAE04EC0-301F-11D3-BF4B-00C04F79EFBC}") = "LibraryTESTS", "LibraryTESTS\LibraryTESTS.csproj", "{1D9A46E3-9A72-419B-B914-D9FD779CCD50}"
EndProject
Global
	GlobalSection(SolutionConfigurationPlatforms) = preSolution
		Debug|Any CPU = Debug|Any CPU
		Release|Any CPU = Release|Any CPU
	EndGlobalSection
	GlobalSection(ProjectConfigurationPlatforms) = postSolution
		{44BE922D-B8C6-4BC8-BC2C-4266414920CC}.Debug|Any CPU.ActiveCfg = Debug|Any CPU
		{44BE922D-B8C6-4BC8-BC2C-4266414920CC}.Debug|Any CPU.Build.0 = Debug|Any CPU
		{44BE922D-B8C6-4BC8-BC2C-4266414920CC}.Release|Any CPU.ActiveCfg = Release|Any CPU
		{44BE922D-B8C6-4BC8-BC2C-4266414920CC}.Release|Any CPU.Build.0 = Release|Any CPU
		{83B17D76-CA9C-42E9-A571-524979E4A6B0}.Debug|Any CPU.ActiveCfg = Debug|Any CPU
		{83B17D76-CA9C-42E9-A571-524979E4A6B0}.Debug|Any CPU.Build.0 = Debug|Any CPU
		{83B17D76-CA9C-42E9-A571-524979E4A6B0}.Release|Any CPU.ActiveCfg = Release|Any CPU
		{83B17D76-CA9C-42E9-A571-524979E4A6B0}.Release|Any CPU.Build.0 = Release|Any CPU
		{2394E424-0C41-47A6-B067-A2B9279C59F2}.Debug|Any CPU.ActiveCfg = Debug|Any CPU
		{2394E424-0C41-47A6-B067-A2B9279C59F2}.Debug|Any CPU.Build.0 = Debug|Any CPU
		{2394E424-0C41-47A6-B067-A2B9279C59F2}.Release|Any CPU.ActiveCfg = Release|Any CPU
		{2394E424-0C41-47A6-B067-A2B9279C59F2}.Release|Any CPU.Build.0 = Release|Any CPU
		{A295B1CB-D018-4E43-819B-0A8FBF6A1399}.Debug|Any CPU.ActiveCfg = Debug|Any CPU
		{A295B1CB-D018-4E43-819B-0A8FBF6A1399}.Debug|Any CPU.Build.0 = Debug|Any CPU
		{A295B1CB-D018-4E43-819B-0A8FBF6A1399}.Release|Any CPU.ActiveCfg = Release|Any CPU
		{A295B1CB-D018-4E43-819B-0A8FBF6A1399}.Release|Any CPU.Build.0 = Release|Any CPU
		{9F9A5163-752F-4FCB-9BD0-F27B9DECF023}.Debug|Any CPU.ActiveCfg = Debug|Any CPU
		{9F9A5163-752F-4FCB-9BD0-F27B9DECF023}.Debug|Any CPU.Build.0 = Debug|Any CPU
		{9F9A5163-752F-4FCB-9BD0-F27B9DECF023}.Release|Any CPU.ActiveCfg = Release|Any CPU
		{9F9A5163-752F-4FCB-9BD0-F27B9DECF023}.Release|Any CPU.Build.0 = Release|Any CPU
		{1D9A46E3-9A72-419B-B914-D9FD779CCD50}.Debug|Any CPU.ActiveCfg = Debug|Any CPU
		{1D9A46E3-9A72-419B-B914-D9FD779CCD50}.Debug|Any CPU.Build.0 = Debug|Any CPU
		{1D9A46E3-9A72-419B-B914-D9FD779CCD50}.Release|Any CPU.ActiveCfg = Release|Any CPU
		{1D9A46E3-9A72-419B-B914-D9FD779CCD50}.Release|Any CPU.Build.0 = Release|Any CPU
	EndGlobalSection
	GlobalSection(NestedProjects) = preSolution
		{1095F7CC-61DB-4546-ACBB-0B732BE5E141} = {75E8DC75-1A65-4430-9C61-C2DC2E341A0B}
		{44BE922D-B8C6-4BC8-BC2C-4266414920CC} = {1095F7CC-61DB-4546-ACBB-0B732BE5E141}
		{9A7EDCAC-77A1-4BF8-90F2-FDB3CCB1C913} = {75E8DC75-1A65-4430-9C61-C2DC2E341A0B}
		{E6EE5453-D439-4913-9017-FE4528DD51C3} = {75E8DC75-1A65-4430-9C61-C2DC2E341A0B}
		{64F5970A-EE8C-497E-AFC7-2722E900542E} = {75E8DC75-1A65-4430-9C61-C2DC2E341A0B}
		{83B17D76-CA9C-42E9-A571-524979E4A6B0} = {1095F7CC-61DB-4546-ACBB-0B732BE5E141}
		{2394E424-0C41-47A6-B067-A2B9279C59F2} = {E6EE5453-D439-4913-9017-FE4528DD51C3}
		{A295B1CB-D018-4E43-819B-0A8FBF6A1399} = {9A7EDCAC-77A1-4BF8-90F2-FDB3CCB1C913}
		{9F9A5163-752F-4FCB-9BD0-F27B9DECF023} = {64F5970A-EE8C-497E-AFC7-2722E900542E}
		{1D9A46E3-9A72-419B-B914-D9FD779CCD50} = {98ACE782-AA18-4F57-B6B5-164C4DD736EE}
	EndGlobalSection
EndGlobal
